// !$*UTF8*$!
{
	archiveVersion = 1;
	classes = {
	};
	objectVersion = 77;
	objects = {

/* Begin PBXBuildFile section */
		0914B62C857904F1992AE67E /* HomeViewModel.swift in Sources */ = {isa = PBXBuildFile; fileRef = 9AEA91630408C61E9E695FC8 /* HomeViewModel.swift */; };
		1BA1803189EB1EC70C1CA7A9 /* LocalizationManager.swift in Sources */ = {isa = PBXBuildFile; fileRef = 5C8A748FEEFBD6A7F51030F0 /* LocalizationManager.swift */; };
		1C388B2EA21F37C322C4509E /* App.swift in Sources */ = {isa = PBXBuildFile; fileRef = 93F14A43CAA56F29F7C301B4 /* App.swift */; };
		1E06DCE1588414D9ACBA9D6F /* RootViewModel.swift in Sources */ = {isa = PBXBuildFile; fileRef = 82D9ABA563D7D689E0FF9C7D /* RootViewModel.swift */; };
		354915D2AA02AC3C3061B65A /* PaymentCardView.swift in Sources */ = {isa = PBXBuildFile; fileRef = 8FCA45E98FB5631477EBA337 /* PaymentCardView.swift */; };
		3DF063452D21C3FC427D3B7C /* OTPViewModel.swift in Sources */ = {isa = PBXBuildFile; fileRef = D53C0A499D32A1C386883F61 /* OTPViewModel.swift */; };
		3F482DFB332BBFBD46A117AC /* AppRoute.swift in Sources */ = {isa = PBXBuildFile; fileRef = 5D1040E2B67C80F79370D0CD /* AppRoute.swift */; };
		414C12749C30BCFFD8FAD55C /* Assets.xcassets in Resources */ = {isa = PBXBuildFile; fileRef = E24D125E051681854C1A0685 /* Assets.xcassets */; };
		699AB4B0D658F172ED662C7E /* Color+Brand.swift in Sources */ = {isa = PBXBuildFile; fileRef = A6A99B57A09B6B4AF3BA7281 /* Color+Brand.swift */; };
		70FB9B09DDB40211CB4C92BB /* ContentView.swift in Sources */ = {isa = PBXBuildFile; fileRef = 117E2F09B1E1CA35A8C4B443 /* ContentView.swift */; };
		7E5B7ACE9E187C1B6D88B312 /* SDKConfig.swift in Sources */ = {isa = PBXBuildFile; fileRef = 5778800F0A205707F063FE29 /* SDKConfig.swift */; };
		86AEF479E4FAEB12F7F7AF91 /* LanguageToggle.swift in Sources */ = {isa = PBXBuildFile; fileRef = 51CA67BC84F81DAAE6006D65 /* LanguageToggle.swift */; };
		9BBEDF1B3749310049097AA3 /* PhoneView.swift in Sources */ = {isa = PBXBuildFile; fileRef = 839E7AEEF263FEBE42A011CA /* PhoneView.swift */; };
		A3AFCEBBCD2B71DCA23C1A90 /* OTPView.swift in Sources */ = {isa = PBXBuildFile; fileRef = FD1053E3856D89700AA32043 /* OTPView.swift */; };
		A70885527ED3CE67AAC9B6F8 /* PhoneViewModel.swift in Sources */ = {isa = PBXBuildFile; fileRef = 9CFDD8CA89216A64A1392462 /* PhoneViewModel.swift */; };
		C21D7B8F32C33A13DD748193 /* HomeView.swift in Sources */ = {isa = PBXBuildFile; fileRef = DD8E4EEF4499C4BF5A6DCB8C /* HomeView.swift */; };
		C921739378419747F7BCD910 /* AppLanguage.swift in Sources */ = {isa = PBXBuildFile; fileRef = 7764C7D3190E00D86C0DBD97 /* AppLanguage.swift */; };
		D41F985C2D8375C95BB26F02 /* PaymentViewModel.swift in Sources */ = {isa = PBXBuildFile; fileRef = 7A6FC43C0182ED52758A3894 /* PaymentViewModel.swift */; };
		D7DEB6A6FEAF63BD7B882878 /* OTPBoxes.swift in Sources */ = {isa = PBXBuildFile; fileRef = 448EBA95BA92ADDF322CD9F7 /* OTPBoxes.swift */; };
		F63A465C2EBB5A9537070553 /* TadSigningSDK in Frameworks */ = {isa = PBXBuildFile; productRef = 629F7C5F70485A232C5287C5 /* TadSigningSDK */; };
		F7750CC9D49FEFCFE3F09E32 /* PaymentView.swift in Sources */ = {isa = PBXBuildFile; fileRef = FB181DB1C101FCA317E50C3B /* PaymentView.swift */; };
		FF8366EC250D4DB1CA3E9B48 /* AABButton.swift in Sources */ = {isa = PBXBuildFile; fileRef = 194C7345CD1F665E659CB87F /* AABButton.swift */; };
/* End PBXBuildFile section */

/* Begin PBXFileReference section */
		117E2F09B1E1CA35A8C4B443 /* ContentView.swift */ = {isa = PBXFileReference; includeInIndex = 1; lastKnownFileType = sourcecode.swift; path = ContentView.swift; sourceTree = "<group>"; };
		194C7345CD1F665E659CB87F /* AABButton.swift */ = {isa = PBXFileReference; includeInIndex = 1; lastKnownFileType = sourcecode.swift; path = AABButton.swift; sourceTree = "<group>"; };
		2721F6047EE57EB6B6E454AB /* TadSigningDemo.app */ = {isa = PBXFileReference; explicitFileType = wrapper.application; includeInIndex = 0; path = TadSigningDemo.app; sourceTree = BUILT_PRODUCTS_DIR; };
		448EBA95BA92ADDF322CD9F7 /* OTPBoxes.swift */ = {isa = PBXFileReference; includeInIndex = 1; lastKnownFileType = sourcecode.swift; path = OTPBoxes.swift; sourceTree = "<group>"; };
		51CA67BC84F81DAAE6006D65 /* LanguageToggle.swift */ = {isa = PBXFileReference; includeInIndex = 1; lastKnownFileType = sourcecode.swift; path = LanguageToggle.swift; sourceTree = "<group>"; };
		5778800F0A205707F063FE29 /* SDKConfig.swift */ = {isa = PBXFileReference; includeInIndex = 1; lastKnownFileType = sourcecode.swift; path = SDKConfig.swift; sourceTree = "<group>"; };
		5C8A748FEEFBD6A7F51030F0 /* LocalizationManager.swift */ = {isa = PBXFileReference; includeInIndex = 1; lastKnownFileType = sourcecode.swift; path = LocalizationManager.swift; sourceTree = "<group>"; };
		5D1040E2B67C80F79370D0CD /* AppRoute.swift */ = {isa = PBXFileReference; includeInIndex = 1; lastKnownFileType = sourcecode.swift; path = AppRoute.swift; sourceTree = "<group>"; };
		732798A21857C6B85A3A3573 /* TadSigningDemo.entitlements */ = {isa = PBXFileReference; lastKnownFileType = text.plist.entitlements; path = TadSigningDemo.entitlements; sourceTree = "<group>"; };
		7764C7D3190E00D86C0DBD97 /* AppLanguage.swift */ = {isa = PBXFileReference; includeInIndex = 1; lastKnownFileType = sourcecode.swift; path = AppLanguage.swift; sourceTree = "<group>"; };
		7A6FC43C0182ED52758A3894 /* PaymentViewModel.swift */ = {isa = PBXFileReference; includeInIndex = 1; lastKnownFileType = sourcecode.swift; path = PaymentViewModel.swift; sourceTree = "<group>"; };
		82D9ABA563D7D689E0FF9C7D /* RootViewModel.swift */ = {isa = PBXFileReference; includeInIndex = 1; lastKnownFileType = sourcecode.swift; path = RootViewModel.swift; sourceTree = "<group>"; };
		839E7AEEF263FEBE42A011CA /* PhoneView.swift */ = {isa = PBXFileReference; includeInIndex = 1; lastKnownFileType = sourcecode.swift; path = PhoneView.swift; sourceTree = "<group>"; };
		8B2E9C1B3922F00148343585 /* Info.plist */ = {isa = PBXFileReference; lastKnownFileType = text.plist; path = Info.plist; sourceTree = "<group>"; };
		8FCA45E98FB5631477EBA337 /* PaymentCardView.swift */ = {isa = PBXFileReference; includeInIndex = 1; lastKnownFileType = sourcecode.swift; path = PaymentCardView.swift; sourceTree = "<group>"; };
		93F14A43CAA56F29F7C301B4 /* App.swift */ = {isa = PBXFileReference; lastKnownFileType = sourcecode.swift; path = App.swift; sourceTree = "<group>"; };
		9AEA91630408C61E9E695FC8 /* HomeViewModel.swift */ = {isa = PBXFileReference; includeInIndex = 1; lastKnownFileType = sourcecode.swift; path = HomeViewModel.swift; sourceTree = "<group>"; };
		9CFDD8CA89216A64A1392462 /* PhoneViewModel.swift */ = {isa = PBXFileReference; includeInIndex = 1; lastKnownFileType = sourcecode.swift; path = PhoneViewModel.swift; sourceTree = "<group>"; };
		A6A99B57A09B6B4AF3BA7281 /* Color+Brand.swift */ = {isa = PBXFileReference; includeInIndex = 1; lastKnownFileType = sourcecode.swift; path = "Color+Brand.swift"; sourceTree = "<group>"; };
		D53C0A499D32A1C386883F61 /* OTPViewModel.swift */ = {isa = PBXFileReference; includeInIndex = 1; lastKnownFileType = sourcecode.swift; path = OTPViewModel.swift; sourceTree = "<group>"; };
		DD8E4EEF4499C4BF5A6DCB8C /* HomeView.swift */ = {isa = PBXFileReference; includeInIndex = 1; lastKnownFileType = sourcecode.swift; path = HomeView.swift; sourceTree = "<group>"; };
		E24D125E051681854C1A0685 /* Assets.xcassets */ = {isa = PBXFileReference; lastKnownFileType = folder.assetcatalog; path = Assets.xcassets; sourceTree = "<group>"; };
		FB181DB1C101FCA317E50C3B /* PaymentView.swift */ = {isa = PBXFileReference; includeInIndex = 1; lastKnownFileType = sourcecode.swift; path = PaymentView.swift; sourceTree = "<group>"; };
		FD1053E3856D89700AA32043 /* OTPView.swift */ = {isa = PBXFileReference; includeInIndex = 1; lastKnownFileType = sourcecode.swift; path = OTPView.swift; sourceTree = "<group>"; };
/* End PBXFileReference section */

/* Begin PBXFrameworksBuildPhase section */
		06B6EA572587246E52236BD0 /* Frameworks */ = {
			isa = PBXFrameworksBuildPhase;
			buildActionMask = 2147483647;
			files = (
				F63A465C2EBB5A9537070553 /* TadSigningSDK in Frameworks */,
			);
			runOnlyForDeploymentPostprocessing = 0;
		};
/* End PBXFrameworksBuildPhase section */

/* Begin PBXGroup section */
		0B3199796A6FEB767062C98A /* Views */ = {
			isa = PBXGroup;
			children = (
				FE954B31AAEFD066EF92F90F /* Root */,
				D04F6BD4547861A894D914BC /* Phone */,
				4004845E3F2854D3DA93827F /* OTP */,
				CE3EB7FBDC96BDD4D7B74A41 /* Home */,
				251D41BC33D315AB64BBF9F7 /* Payment */,
				C1DD92ECC401E44DD682619A /* Shared */,
			);
			name = Views;
			path = Views;
			sourceTree = "<group>";
		};
		19481B89672E1D8984CF3E3C /* Products */ = {
			isa = PBXGroup;
			children = (
				2721F6047EE57EB6B6E454AB /* TadSigningDemo.app */,
			);
			name = Products;
			sourceTree = "<group>";
		};
		251D41BC33D315AB64BBF9F7 /* Payment */ = {
			isa = PBXGroup;
			children = (
				FB181DB1C101FCA317E50C3B /* PaymentView.swift */,
				8FCA45E98FB5631477EBA337 /* PaymentCardView.swift */,
			);
			name = Payment;
			path = Payment;
			sourceTree = "<group>";
		};
		2F8FBEAF5B56D331BE75AABA /* TadSigningDemo */ = {
			isa = PBXGroup;
			children = (
				93F14A43CAA56F29F7C301B4 /* App.swift */,
				E24D125E051681854C1A0685 /* Assets.xcassets */,
				8B2E9C1B3922F00148343585 /* Info.plist */,
				732798A21857C6B85A3A3573 /* TadSigningDemo.entitlements */,
				FAF620CDBEA73C400BC6CCDB /* Models */,
				F47F6B4147CE07A424935714 /* ViewModels */,
				AA5D4BA4D93A21C85E38ECFD /* Services */,
				CACE4B39FA23BA15F89EA6B8 /* Theme */,
				0B3199796A6FEB767062C98A /* Views */,
			);
			path = TadSigningDemo;
			sourceTree = "<group>";
		};
		4004845E3F2854D3DA93827F /* OTP */ = {
			isa = PBXGroup;
			children = (
				FD1053E3856D89700AA32043 /* OTPView.swift */,
			);
			name = OTP;
			path = OTP;
			sourceTree = "<group>";
		};
		520FA6EA30347F0B005F45EF /* Frameworks */ = {
			isa = PBXGroup;
			children = (
			);
			name = Frameworks;
			sourceTree = "<group>";
		};
		A37F2CF79CFDFCF961D2EDBF = {
			isa = PBXGroup;
			children = (
				2F8FBEAF5B56D331BE75AABA /* TadSigningDemo */,
				520FA6EA30347F0B005F45EF /* Frameworks */,
				19481B89672E1D8984CF3E3C /* Products */,
			);
			sourceTree = "<group>";
		};
		AA5D4BA4D93A21C85E38ECFD /* Services */ = {
			isa = PBXGroup;
			children = (
				5C8A748FEEFBD6A7F51030F0 /* LocalizationManager.swift */,
				5778800F0A205707F063FE29 /* SDKConfig.swift */,
			);
			name = Services;
			path = Services;
			sourceTree = "<group>";
		};
		C1DD92ECC401E44DD682619A /* Shared */ = {
			isa = PBXGroup;
			children = (
				194C7345CD1F665E659CB87F /* AABButton.swift */,
				51CA67BC84F81DAAE6006D65 /* LanguageToggle.swift */,
				448EBA95BA92ADDF322CD9F7 /* OTPBoxes.swift */,
			);
			name = Shared;
			path = Shared;
			sourceTree = "<group>";
		};
		CACE4B39FA23BA15F89EA6B8 /* Theme */ = {
			isa = PBXGroup;
			children = (
				A6A99B57A09B6B4AF3BA7281 /* Color+Brand.swift */,
			);
			name = Theme;
			path = Theme;
			sourceTree = "<group>";
		};
		CE3EB7FBDC96BDD4D7B74A41 /* Home */ = {
			isa = PBXGroup;
			children = (
				DD8E4EEF4499C4BF5A6DCB8C /* HomeView.swift */,
			);
			name = Home;
			path = Home;
			sourceTree = "<group>";
		};
		D04F6BD4547861A894D914BC /* Phone */ = {
			isa = PBXGroup;
			children = (
				839E7AEEF263FEBE42A011CA /* PhoneView.swift */,
			);
			name = Phone;
			path = Phone;
			sourceTree = "<group>";
		};
		F47F6B4147CE07A424935714 /* ViewModels */ = {
			isa = PBXGroup;
			children = (
				82D9ABA563D7D689E0FF9C7D /* RootViewModel.swift */,
				9CFDD8CA89216A64A1392462 /* PhoneViewModel.swift */,
				D53C0A499D32A1C386883F61 /* OTPViewModel.swift */,
				9AEA91630408C61E9E695FC8 /* HomeViewModel.swift */,
				7A6FC43C0182ED52758A3894 /* PaymentViewModel.swift */,
			);
			name = ViewModels;
			path = ViewModels;
			sourceTree = "<group>";
		};
		FAF620CDBEA73C400BC6CCDB /* Models */ = {
			isa = PBXGroup;
			children = (
				7764C7D3190E00D86C0DBD97 /* AppLanguage.swift */,
				5D1040E2B67C80F79370D0CD /* AppRoute.swift */,
			);
			name = Models;
			path = Models;
			sourceTree = "<group>";
		};
		FE954B31AAEFD066EF92F90F /* Root */ = {
			isa = PBXGroup;
			children = (
				117E2F09B1E1CA35A8C4B443 /* ContentView.swift */,
			);
			name = Root;
			path = Root;
			sourceTree = "<group>";
		};
/* End PBXGroup section */

/* Begin PBXNativeTarget section */
		B16D82226CE6183719B639D2 /* TadSigningDemo */ = {
			isa = PBXNativeTarget;
			buildConfigurationList = 9CBC102BEE80F865668A28A1 /* Build configuration list for PBXNativeTarget "TadSigningDemo" */;
			buildPhases = (
				AD5BEE0C35E6706C08B96E94 /* Sources */,
				76C76EF5B92619A9E54FD131 /* Resources */,
				06B6EA572587246E52236BD0 /* Frameworks */,
			);
			buildRules = (
			);
			dependencies = (
			);
			name = TadSigningDemo;
			packageProductDependencies = (
				629F7C5F70485A232C5287C5 /* TadSigningSDK */,
			);
			productName = TadSigningDemo;
			productReference = 2721F6047EE57EB6B6E454AB /* TadSigningDemo.app */;
			productType = "com.apple.product-type.application";
		};
/* End PBXNativeTarget section */

/* Begin PBXProject section */
		866CEB0B949B74B15DBA4393 /* Project object */ = {
			isa = PBXProject;
			attributes = {
				BuildIndependentTargetsInParallel = YES;
				LastUpgradeCheck = 1600;
			};
			buildConfigurationList = 63B9433D1CE799D0B60D8881 /* Build configuration list for PBXProject "TadSigningDemo" */;
			developmentRegion = en;
			hasScannedForEncodings = 0;
			knownRegions = (
				Base,
				en,
			);
			mainGroup = A37F2CF79CFDFCF961D2EDBF;
			minimizedProjectReferenceProxies = 1;
			packageReferences = (
				4D6E4B8A3C2AA9FBA3984E88 /* XCRemoteSwiftPackageReference "TADI-SIGNING-IOS-SDK-BIN" */,
			);
			preferredProjectObjectVersion = 77;
			productRefGroup = 19481B89672E1D8984CF3E3C /* Products */;
			projectDirPath = "";
			projectRoot = "";
			targets = (
				B16D82226CE6183719B639D2 /* TadSigningDemo */,
			);
		};
/* End PBXProject section */

/* Begin PBXResourcesBuildPhase section */
		76C76EF5B92619A9E54FD131 /* Resources */ = {
			isa = PBXResourcesBuildPhase;
			buildActionMask = 2147483647;
			files = (
				414C12749C30BCFFD8FAD55C /* Assets.xcassets in Resources */,
			);
			runOnlyForDeploymentPostprocessing = 0;
		};
/* End PBXResourcesBuildPhase section */

/* Begin PBXSourcesBuildPhase section */
		AD5BEE0C35E6706C08B96E94 /* Sources */ = {
			isa = PBXSourcesBuildPhase;
			buildActionMask = 2147483647;
			files = (
				1C388B2EA21F37C322C4509E /* App.swift in Sources */,
				C921739378419747F7BCD910 /* AppLanguage.swift in Sources */,
				3F482DFB332BBFBD46A117AC /* AppRoute.swift in Sources */,
				1E06DCE1588414D9ACBA9D6F /* RootViewModel.swift in Sources */,
				A70885527ED3CE67AAC9B6F8 /* PhoneViewModel.swift in Sources */,
				3DF063452D21C3FC427D3B7C /* OTPViewModel.swift in Sources */,
				0914B62C857904F1992AE67E /* HomeViewModel.swift in Sources */,
				D41F985C2D8375C95BB26F02 /* PaymentViewModel.swift in Sources */,
				1BA1803189EB1EC70C1CA7A9 /* LocalizationManager.swift in Sources */,
				7E5B7ACE9E187C1B6D88B312 /* SDKConfig.swift in Sources */,
				699AB4B0D658F172ED662C7E /* Color+Brand.swift in Sources */,
				70FB9B09DDB40211CB4C92BB /* ContentView.swift in Sources */,
				9BBEDF1B3749310049097AA3 /* PhoneView.swift in Sources */,
				A3AFCEBBCD2B71DCA23C1A90 /* OTPView.swift in Sources */,
				C21D7B8F32C33A13DD748193 /* HomeView.swift in Sources */,
				F7750CC9D49FEFCFE3F09E32 /* PaymentView.swift in Sources */,
				354915D2AA02AC3C3061B65A /* PaymentCardView.swift in Sources */,
				FF8366EC250D4DB1CA3E9B48 /* AABButton.swift in Sources */,
				86AEF479E4FAEB12F7F7AF91 /* LanguageToggle.swift in Sources */,
				D7DEB6A6FEAF63BD7B882878 /* OTPBoxes.swift in Sources */,
			);
			runOnlyForDeploymentPostprocessing = 0;
		};
/* End PBXSourcesBuildPhase section */

/* Begin XCBuildConfiguration section */
		3641E195CB914D975E9B2CF4 /* Debug */ = {
			isa = XCBuildConfiguration;
			buildSettings = {
				ALWAYS_SEARCH_USER_PATHS = NO;
				CLANG_ANALYZER_NONNULL = YES;
				CLANG_ANALYZER_NUMBER_OBJECT_CONVERSION = YES_AGGRESSIVE;
				CLANG_CXX_LANGUAGE_STANDARD = "gnu++14";
				CLANG_CXX_LIBRARY = "libc++";
				CLANG_ENABLE_MODULES = YES;
				CLANG_ENABLE_OBJC_ARC = YES;
				CLANG_ENABLE_OBJC_WEAK = YES;
				CLANG_WARN_BLOCK_CAPTURE_AUTORELEASING = YES;
				CLANG_WARN_BOOL_CONVERSION = YES;
				CLANG_WARN_COMMA = YES;
				CLANG_WARN_CONSTANT_CONVERSION = YES;
				CLANG_WARN_DEPRECATED_OBJC_IMPLEMENTATIONS = YES;
				CLANG_WARN_DIRECT_OBJC_ISA_USAGE = YES_ERROR;
				CLANG_WARN_DOCUMENTATION_COMMENTS = YES;
				CLANG_WARN_EMPTY_BODY = YES;
				CLANG_WARN_ENUM_CONVERSION = YES;
				CLANG_WARN_INFINITE_RECURSION = YES;
				CLANG_WARN_INT_CONVERSION = YES;
				CLANG_WARN_NON_LITERAL_NULL_CONVERSION = YES;
				CLANG_WARN_OBJC_IMPLICIT_RETAIN_SELF = YES;
				CLANG_WARN_OBJC_LITERAL_CONVERSION = YES;
				CLANG_WARN_OBJC_ROOT_CLASS = YES_ERROR;
				CLANG_WARN_QUOTED_INCLUDE_IN_FRAMEWORK_HEADER = YES;
				CLANG_WARN_RANGE_LOOP_ANALYSIS = YES;
				CLANG_WARN_STRICT_PROTOTYPES = YES;
				CLANG_WARN_SUSPICIOUS_MOVE = YES;
				CLANG_WARN_UNGUARDED_AVAILABILITY = YES_AGGRESSIVE;
				CLANG_WARN_UNREACHABLE_CODE = YES;
				CLANG_WARN__DUPLICATE_METHOD_MATCH = YES;
				COPY_PHASE_STRIP = NO;
				DEBUG_INFORMATION_FORMAT = dwarf;
				ENABLE_STRICT_OBJC_MSGSEND = YES;
				ENABLE_TESTABILITY = YES;
				GCC_C_LANGUAGE_STANDARD = gnu11;
				GCC_DYNAMIC_NO_PIC = NO;
				GCC_NO_COMMON_BLOCKS = YES;
				GCC_OPTIMIZATION_LEVEL = 0;
				GCC_PREPROCESSOR_DEFINITIONS = (
					"$(inherited)",
					"DEBUG=1",
				);
				GCC_WARN_64_TO_32_BIT_CONVERSION = YES;
				GCC_WARN_ABOUT_RETURN_TYPE = YES_ERROR;
				GCC_WARN_UNDECLARED_SELECTOR = YES;
				GCC_WARN_UNINITIALIZED_AUTOS = YES_AGGRESSIVE;
				GCC_WARN_UNUSED_FUNCTION = YES;
				GCC_WARN_UNUSED_VARIABLE = YES;
				IPHONEOS_DEPLOYMENT_TARGET = 16.0;
				MTL_ENABLE_DEBUG_INFO = INCLUDE_SOURCE;
				MTL_FAST_MATH = YES;
				ONLY_ACTIVE_ARCH = YES;
				PRODUCT_NAME = "$(TARGET_NAME)";
				SDKROOT = iphoneos;
				SWIFT_ACTIVE_COMPILATION_CONDITIONS = DEBUG;
				SWIFT_OPTIMIZATION_LEVEL = "-Onone";
				SWIFT_VERSION = 5.0;
			};
			name = Debug;
		};
		68203681910163AB2AE3432E /* Release */ = {
			isa = XCBuildConfiguration;
			buildSettings = {
				ALWAYS_SEARCH_USER_PATHS = NO;
				ASSETCATALOG_COMPILER_APPICON_NAME = AppIcon;
				CLANG_ENABLE_MODULES = YES;
				CODE_SIGN_ENTITLEMENTS = TadSigningDemo/TadSigningDemo.entitlements;
				CODE_SIGN_IDENTITY = "iPhone Developer";
				DEVELOPMENT_TEAM = KXJN79YAQ7;
				ENABLE_BITCODE = NO;
				INFOPLIST_FILE = TadSigningDemo/Info.plist;
				IPHONEOS_DEPLOYMENT_TARGET = 16.0;
				LD_RUNPATH_SEARCH_PATHS = (
					"$(inherited)",
					"@executable_path/Frameworks",
				);
				PRODUCT_BUNDLE_IDENTIFIER = uz.tad.TadSigningDemo;
				SDKROOT = iphoneos;
				SWIFT_OPTIMIZATION_LEVEL = "-Onone";
				SWIFT_VERSION = 5.9;
				TARGETED_DEVICE_FAMILY = "1,2";
			};
			name = Release;
		};
		6F87D73DE9DCFA9ECC1D8D9D /* Debug */ = {
			isa = XCBuildConfiguration;
			buildSettings = {
				ALWAYS_SEARCH_USER_PATHS = NO;
				ASSETCATALOG_COMPILER_APPICON_NAME = AppIcon;
				CLANG_ENABLE_MODULES = YES;
				CODE_SIGN_ENTITLEMENTS = TadSigningDemo/TadSigningDemo.entitlements;
				CODE_SIGN_IDENTITY = "iPhone Developer";
				DEVELOPMENT_TEAM = KXJN79YAQ7;
				ENABLE_BITCODE = NO;
				INFOPLIST_FILE = TadSigningDemo/Info.plist;
				IPHONEOS_DEPLOYMENT_TARGET = 16.0;
				LD_RUNPATH_SEARCH_PATHS = (
					"$(inherited)",
					"@executable_path/Frameworks",
				);
				PRODUCT_BUNDLE_IDENTIFIER = uz.tad.TadSigningDemo;
				SDKROOT = iphoneos;
				SWIFT_OPTIMIZATION_LEVEL = "-Onone";
				SWIFT_VERSION = 5.9;
				TARGETED_DEVICE_FAMILY = "1,2";
			};
			name = Debug;
		};
		81A56069BB02CE7236638A01 /* Release */ = {
			isa = XCBuildConfiguration;
			buildSettings = {
				ALWAYS_SEARCH_USER_PATHS = NO;
				CLANG_ANALYZER_NONNULL = YES;
				CLANG_ANALYZER_NUMBER_OBJECT_CONVERSION = YES_AGGRESSIVE;
				CLANG_CXX_LANGUAGE_STANDARD = "gnu++14";
				CLANG_CXX_LIBRARY = "libc++";
				CLANG_ENABLE_MODULES = YES;
				CLANG_ENABLE_OBJC_ARC = YES;
				CLANG_ENABLE_OBJC_WEAK = YES;
				CLANG_WARN_BLOCK_CAPTURE_AUTORELEASING = YES;
				CLANG_WARN_BOOL_CONVERSION = YES;
				CLANG_WARN_COMMA = YES;
				CLANG_WARN_CONSTANT_CONVERSION = YES;
				CLANG_WARN_DEPRECATED_OBJC_IMPLEMENTATIONS = YES;
				CLANG_WARN_DIRECT_OBJC_ISA_USAGE = YES_ERROR;
				CLANG_WARN_DOCUMENTATION_COMMENTS = YES;
				CLANG_WARN_EMPTY_BODY = YES;
				CLANG_WARN_ENUM_CONVERSION = YES;
				CLANG_WARN_INFINITE_RECURSION = YES;
				CLANG_WARN_INT_CONVERSION = YES;
				CLANG_WARN_NON_LITERAL_NULL_CONVERSION = YES;
				CLANG_WARN_OBJC_IMPLICIT_RETAIN_SELF = YES;
				CLANG_WARN_OBJC_LITERAL_CONVERSION = YES;
				CLANG_WARN_OBJC_ROOT_CLASS = YES_ERROR;
				CLANG_WARN_QUOTED_INCLUDE_IN_FRAMEWORK_HEADER = YES;
				CLANG_WARN_RANGE_LOOP_ANALYSIS = YES;
				CLANG_WARN_STRICT_PROTOTYPES = YES;
				CLANG_WARN_SUSPICIOUS_MOVE = YES;
				CLANG_WARN_UNGUARDED_AVAILABILITY = YES_AGGRESSIVE;
				CLANG_WARN_UNREACHABLE_CODE = YES;
				CLANG_WARN__DUPLICATE_METHOD_MATCH = YES;
				COPY_PHASE_STRIP = NO;
				DEBUG_INFORMATION_FORMAT = "dwarf-with-dsym";
				ENABLE_NS_ASSERTIONS = NO;
				ENABLE_STRICT_OBJC_MSGSEND = YES;
				GCC_C_LANGUAGE_STANDARD = gnu11;
				GCC_NO_COMMON_BLOCKS = YES;
				GCC_WARN_64_TO_32_BIT_CONVERSION = YES;
				GCC_WARN_ABOUT_RETURN_TYPE = YES_ERROR;
				GCC_WARN_UNDECLARED_SELECTOR = YES;
				GCC_WARN_UNINITIALIZED_AUTOS = YES_AGGRESSIVE;
				GCC_WARN_UNUSED_FUNCTION = YES;
				GCC_WARN_UNUSED_VARIABLE = YES;
				IPHONEOS_DEPLOYMENT_TARGET = 16.0;
				MTL_ENABLE_DEBUG_INFO = NO;
				MTL_FAST_MATH = YES;
				PRODUCT_NAME = "$(TARGET_NAME)";
				SDKROOT = iphoneos;
				SWIFT_COMPILATION_MODE = wholemodule;
				SWIFT_OPTIMIZATION_LEVEL = "-O";
				SWIFT_VERSION = 5.0;
			};
			name = Release;
		};
/* End XCBuildConfiguration section */

/* Begin XCConfigurationList section */
		63B9433D1CE799D0B60D8881 /* Build configuration list for PBXProject "TadSigningDemo" */ = {
			isa = XCConfigurationList;
			buildConfigurations = (
				3641E195CB914D975E9B2CF4 /* Debug */,
				81A56069BB02CE7236638A01 /* Release */,
			);
			defaultConfigurationIsVisible = 0;
			defaultConfigurationName = Debug;
		};
		9CBC102BEE80F865668A28A1 /* Build configuration list for PBXNativeTarget "TadSigningDemo" */ = {
			isa = XCConfigurationList;
			buildConfigurations = (
				6F87D73DE9DCFA9ECC1D8D9D /* Debug */,
				68203681910163AB2AE3432E /* Release */,
			);
			defaultConfigurationIsVisible = 0;
			defaultConfigurationName = Debug;
		};
/* End XCConfigurationList section */

/* Begin XCRemoteSwiftPackageReference section */
		4D6E4B8A3C2AA9FBA3984E88 /* XCRemoteSwiftPackageReference "TADI-SIGNING-IOS-SDK-BIN" */ = {
			isa = XCRemoteSwiftPackageReference;
			repositoryURL = "https://gitlab.tadi.uz/tadi_public/TADI-SIGNING-IOS-SDK-BIN.git";
			requirement = {
				kind = upToNextMajorVersion;
				minimumVersion = 1.0.3;
			};
		};
/* End XCRemoteSwiftPackageReference section */

/* Begin XCSwiftPackageProductDependency section */
		629F7C5F70485A232C5287C5 /* TadSigningSDK */ = {
			isa = XCSwiftPackageProductDependency;
			package = 4D6E4B8A3C2AA9FBA3984E88 /* XCRemoteSwiftPackageReference "TADI-SIGNING-IOS-SDK-BIN" */;
			productName = TadSigningSDK;
		};
/* End XCSwiftPackageProductDependency section */
	};
	rootObject = 866CEB0B949B74B15DBA4393 /* Project object */;
}
